
Microsoft Visual Studio Solution File, Format Version 12.00
# Visual Studio Version 16
VisualStudioVersion = 16.0.30204.135
MinimumVisualStudioVersion = 10.0.40219.1
Project("{FAE04EC0-301F-11D3-BF4B-00C04F79EFBC}") = "WuxiaWorldToPDF", "WuxiaworldToPDF\WuxiaWorldToPDF.csproj", "{F422E8F6-8268-4AD9-90B5-27A03038F84A}"
EndProject
Global
	GlobalSection(SolutionConfigurationPlatforms) = preSolution
		Debug|Any CPU = Debug|Any CPU
		Release|Any CPU = Release|Any CPU
	EndGlobalSection
	GlobalSection(ProjectConfigurationPlatforms) = postSolution
		{F422E8F6-8268-4AD9-90B5-27A03038F84A}.Debug|Any CPU.ActiveCfg = Debug|Any CPU
		{F422E8F6-8268-4AD9-90B5-27A03038F84A}.Debug|Any CPU.Build.0 = Debug|Any CPU
		{F422E8F6-8268-4AD9-90B5-27A03038F84A}.Release|Any CPU.ActiveCfg = Release|Any CPU
		{F422E8F6-8268-4AD9-90B5-27A03038F84A}.Release|Any CPU.Build.0 = Release|Any CPU
	EndGlobalSection
	GlobalSection(SolutionProperties) = preSolution
		HideSolutionNode = FALSE
	EndGlobalSection
	GlobalSection(ExtensibilityGlobals) = postSolution
		SolutionGuid = {D14DD50C-5E93-45EC-9E62-C483CA0A91F9}
	EndGlobalSection
EndGlobal
